
Microsoft Visual Studio Solution File, Format Version 12.00
# Visual Studio 15
Project("{FAE04EC0-301F-11D3-BF4B-00C04F79EFBC}") = "Assembly-CSharp", "Assembly-CSharp.csproj", "{B957DCA4-A5C8-9E88-8B94-7BEA70C76DA4}"
EndProject
Project("{FAE04EC0-301F-11D3-BF4B-00C04F79EFBC}") = "Assembly-CSharp-firstpass", "Assembly-CSharp-firstpass.csproj", "{F5B8F276-1466-5901-90F1-F6CC6C5F2C9E}"
EndProject
Project("{FAE04EC0-301F-11D3-BF4B-00C04F79EFBC}") = "Assembly-CSharp-Editor-firstpass", "Assembly-CSharp-Editor-firstpass.csproj", "{B66724B0-46E4-6332-EC7D-54FC95FCB704}"
EndProject
Global
	GlobalSection(SolutionConfigurationPlatforms) = preSolution
		Debug|Any CPU = Debug|Any CPU
		Release|Any CPU = Release|Any CPU
	EndGlobalSection
	GlobalSection(ProjectConfigurationPlatforms) = postSolution
		{B957DCA4-A5C8-9E88-8B94-7BEA70C76DA4}.Debug|Any CPU.ActiveCfg = Debug|Any CPU
		{B957DCA4-A5C8-9E88-8B94-7BEA70C76DA4}.Debug|Any CPU.Build.0 = Debug|Any CPU
		{B957DCA4-A5C8-9E88-8B94-7BEA70C76DA4}.Release|Any CPU.ActiveCfg = Release|Any CPU
		{B957DCA4-A5C8-9E88-8B94-7BEA70C76DA4}.Release|Any CPU.Build.0 = Release|Any CPU
		{F5B8F276-1466-5901-90F1-F6CC6C5F2C9E}.Debug|Any CPU.ActiveCfg = Debug|Any CPU
		{F5B8F276-1466-5901-90F1-F6CC6C5F2C9E}.Debug|Any CPU.Build.0 = Debug|Any CPU
		{F5B8F276-1466-5901-90F1-F6CC6C5F2C9E}.Release|Any CPU.ActiveCfg = Release|Any CPU
		{F5B8F276-1466-5901-90F1-F6CC6C5F2C9E}.Release|Any CPU.Build.0 = Release|Any CPU
		{B66724B0-46E4-6332-EC7D-54FC95FCB704}.Debug|Any CPU.ActiveCfg = Debug|Any CPU
		{B66724B0-46E4-6332-EC7D-54FC95FCB704}.Debug|Any CPU.Build.0 = Debug|Any CPU
		{B66724B0-46E4-6332-EC7D-54FC95FCB704}.Release|Any CPU.ActiveCfg = Release|Any CPU
		{B66724B0-46E4-6332-EC7D-54FC95FCB704}.Release|Any CPU.Build.0 = Release|Any CPU
	EndGlobalSection
	GlobalSection(SolutionProperties) = preSolution
		HideSolutionNode = FALSE
	EndGlobalSection
EndGlobal
